
Microsoft Visual Studio Solution File, Format Version 12.00
# Visual Studio Version 17
VisualStudioVersion = 17.14.36414.22 d17.14
MinimumVisualStudioVersion = 10.0.40219.1
Project("{FAE04EC0-301F-11D3-BF4B-00C04F79EFBC}") = "ConsoleApp1", "ConsoleApp1.csproj", "{4C10C3FC-9B4C-4CBF-98EA-72F5B24F1464}"
EndProject
Project("{FAE04EC0-301F-11D3-BF4B-00C04F79EFBC}") = "ConsoleApp2", "..\ConsoleApp2\ConsoleApp2.csproj", "{B73879D1-29E5-4F01-9158-00B406781E93}"
EndProject
Project("{FAE04EC0-301F-11D3-BF4B-00C04F79EFBC}") = "ConsoleApp3", "..\ConsoleApp3\ConsoleApp3.csproj", "{E4EB8A87-8F18-4581-A2C6-05270FAE8295}"
EndProject
Project("{FAE04EC0-301F-11D3-BF4B-00C04F79EFBC}") = "ConsoleApp4", "..\ConsoleApp4\ConsoleApp4.csproj", "{0ECF0613-7A19-498E-9A54-02D722924186}"
EndProject
Project("{FAE04EC0-301F-11D3-BF4B-00C04F79EFBC}") = "ConsoleApp5", "..\ConsoleApp5\ConsoleApp5.csproj", "{3365C638-1E9D-426A-9D9B-24F5BC8484BE}"
EndProject
Global
	GlobalSection(SolutionConfigurationPlatforms) = preSolution
		Debug|Any CPU = Debug|Any CPU
		Release|Any CPU = Release|Any CPU
	EndGlobalSection
	GlobalSection(ProjectConfigurationPlatforms) = postSolution
		{4C10C3FC-9B4C-4CBF-98EA-72F5B24F1464}.Debug|Any CPU.ActiveCfg = Debug|Any CPU
		{4C10C3FC-9B4C-4CBF-98EA-72F5B24F1464}.Debug|Any CPU.Build.0 = Debug|Any CPU
		{4C10C3FC-9B4C-4CBF-98EA-72F5B24F1464}.Release|Any CPU.ActiveCfg = Release|Any CPU
		{4C10C3FC-9B4C-4CBF-98EA-72F5B24F1464}.Release|Any CPU.Build.0 = Release|Any CPU
		{B73879D1-29E5-4F01-9158-00B406781E93}.Debug|Any CPU.ActiveCfg = Debug|Any CPU
		{B73879D1-29E5-4F01-9158-00B406781E93}.Debug|Any CPU.Build.0 = Debug|Any CPU
		{B73879D1-29E5-4F01-9158-00B406781E93}.Release|Any CPU.ActiveCfg = Release|Any CPU
		{B73879D1-29E5-4F01-9158-00B406781E93}.Release|Any CPU.Build.0 = Release|Any CPU
		{E4EB8A87-8F18-4581-A2C6-05270FAE8295}.Debug|Any CPU.ActiveCfg = Debug|Any CPU
		{E4EB8A87-8F18-4581-A2C6-05270FAE8295}.Debug|Any CPU.Build.0 = Debug|Any CPU
		{E4EB8A87-8F18-4581-A2C6-05270FAE8295}.Release|Any CPU.ActiveCfg = Release|Any CPU
		{E4EB8A87-8F18-4581-A2C6-05270FAE8295}.Release|Any CPU.Build.0 = Release|Any CPU
		{0ECF0613-7A19-498E-9A54-02D722924186}.Debug|Any CPU.ActiveCfg = Debug|Any CPU
		{0ECF0613-7A19-498E-9A54-02D722924186}.Debug|Any CPU.Build.0 = Debug|Any CPU
		{0ECF0613-7A19-498E-9A54-02D722924186}.Release|Any CPU.ActiveCfg = Release|Any CPU
		{0ECF0613-7A19-498E-9A54-02D722924186}.Release|Any CPU.Build.0 = Release|Any CPU
		{3365C638-1E9D-426A-9D9B-24F5BC8484BE}.Debug|Any CPU.ActiveCfg = Debug|Any CPU
		{3365C638-1E9D-426A-9D9B-24F5BC8484BE}.Debug|Any CPU.Build.0 = Debug|Any CPU
		{3365C638-1E9D-426A-9D9B-24F5BC8484BE}.Release|Any CPU.ActiveCfg = Release|Any CPU
		{3365C638-1E9D-426A-9D9B-24F5BC8484BE}.Release|Any CPU.Build.0 = Release|Any CPU
	EndGlobalSection
	GlobalSection(SolutionProperties) = preSolution
		HideSolutionNode = FALSE
	EndGlobalSection
	GlobalSection(ExtensibilityGlobals) = postSolution
		SolutionGuid = {735A6B76-81AA-4D39-B5AD-CFBAA0088C12}
	EndGlobalSection
EndGlobal
