
Microsoft Visual Studio Solution File, Format Version 12.00
# Visual Studio Version 17
VisualStudioVersion = 17.14.36414.22
MinimumVisualStudioVersion = 10.0.40219.1
Project("{FAE04EC0-301F-11D3-BF4B-00C04F79EFBC}") = "ConsoleApp1", "ConsoleApp1.csproj", "{4CAF2F05-D77F-4229-8E07-961DAD0BEB1D}"
EndProject
Project("{FAE04EC0-301F-11D3-BF4B-00C04F79EFBC}") = "ConsoleApp2", "..\ConsoleApp2\ConsoleApp2.csproj", "{1AC88ADE-F894-4B77-8EE5-79E9191771AD}"
EndProject
Project("{FAE04EC0-301F-11D3-BF4B-00C04F79EFBC}") = "ConsoleApp3", "..\ConsoleApp3\ConsoleApp3.csproj", "{3CB237E5-A8E2-460B-9CB6-36D82A12AF24}"
EndProject
Project("{FAE04EC0-301F-11D3-BF4B-00C04F79EFBC}") = "ConsoleApp4", "..\ConsoleApp4\ConsoleApp4.csproj", "{723507D8-4E21-459C-9805-2D1F4F755B0B}"
EndProject
Project("{FAE04EC0-301F-11D3-BF4B-00C04F79EFBC}") = "ConsoleApp5", "..\ConsoleApp5\ConsoleApp5.csproj", "{F13235EF-A33D-43E3-95DC-CB8756611D59}"
EndProject
Project("{FAE04EC0-301F-11D3-BF4B-00C04F79EFBC}") = "ConsoleApp6", "..\ConsoleApp6\ConsoleApp6.csproj", "{22BC10BE-2FDD-4686-99AB-D85E32D4FB10}"
EndProject
Project("{FAE04EC0-301F-11D3-BF4B-00C04F79EFBC}") = "ConsoleApp7", "..\ConsoleApp7\ConsoleApp7.csproj", "{BD877A93-9E81-415F-A1A0-81018D6D0DAC}"
EndProject
Project("{FAE04EC0-301F-11D3-BF4B-00C04F79EFBC}") = "ConsoleApp8", "..\ConsoleApp8\ConsoleApp8.csproj", "{04CF81D8-28EE-4511-AB12-0E90F1D20B84}"
EndProject
Project("{FAE04EC0-301F-11D3-BF4B-00C04F79EFBC}") = "ConsoleApp9", "..\ConsoleApp9\ConsoleApp9.csproj", "{7C1117EE-88ED-4E50-BA11-C78214801207}"
EndProject
Project("{FAE04EC0-301F-11D3-BF4B-00C04F79EFBC}") = "ConsoleApp10", "..\ConsoleApp10\ConsoleApp10.csproj", "{D1016430-21AF-4E6D-820F-29970BA3DF88}"
EndProject
Global
	GlobalSection(SolutionConfigurationPlatforms) = preSolution
		Debug|Any CPU = Debug|Any CPU
		Release|Any CPU = Release|Any CPU
	EndGlobalSection
	GlobalSection(ProjectConfigurationPlatforms) = postSolution
		{4CAF2F05-D77F-4229-8E07-961DAD0BEB1D}.Debug|Any CPU.ActiveCfg = Debug|Any CPU
		{4CAF2F05-D77F-4229-8E07-961DAD0BEB1D}.Debug|Any CPU.Build.0 = Debug|Any CPU
		{4CAF2F05-D77F-4229-8E07-961DAD0BEB1D}.Release|Any CPU.ActiveCfg = Release|Any CPU
		{4CAF2F05-D77F-4229-8E07-961DAD0BEB1D}.Release|Any CPU.Build.0 = Release|Any CPU
		{1AC88ADE-F894-4B77-8EE5-79E9191771AD}.Debug|Any CPU.ActiveCfg = Debug|Any CPU
		{1AC88ADE-F894-4B77-8EE5-79E9191771AD}.Debug|Any CPU.Build.0 = Debug|Any CPU
		{1AC88ADE-F894-4B77-8EE5-79E9191771AD}.Release|Any CPU.ActiveCfg = Release|Any CPU
		{1AC88ADE-F894-4B77-8EE5-79E9191771AD}.Release|Any CPU.Build.0 = Release|Any CPU
		{3CB237E5-A8E2-460B-9CB6-36D82A12AF24}.Debug|Any CPU.ActiveCfg = Debug|Any CPU
		{3CB237E5-A8E2-460B-9CB6-36D82A12AF24}.Debug|Any CPU.Build.0 = Debug|Any CPU
		{3CB237E5-A8E2-460B-9CB6-36D82A12AF24}.Release|Any CPU.ActiveCfg = Release|Any CPU
		{3CB237E5-A8E2-460B-9CB6-36D82A12AF24}.Release|Any CPU.Build.0 = Release|Any CPU
		{723507D8-4E21-459C-9805-2D1F4F755B0B}.Debug|Any CPU.ActiveCfg = Debug|Any CPU
		{723507D8-4E21-459C-9805-2D1F4F755B0B}.Debug|Any CPU.Build.0 = Debug|Any CPU
		{723507D8-4E21-459C-9805-2D1F4F755B0B}.Release|Any CPU.ActiveCfg = Release|Any CPU
		{723507D8-4E21-459C-9805-2D1F4F755B0B}.Release|Any CPU.Build.0 = Release|Any CPU
		{F13235EF-A33D-43E3-95DC-CB8756611D59}.Debug|Any CPU.ActiveCfg = Debug|Any CPU
		{F13235EF-A33D-43E3-95DC-CB8756611D59}.Debug|Any CPU.Build.0 = Debug|Any CPU
		{F13235EF-A33D-43E3-95DC-CB8756611D59}.Release|Any CPU.ActiveCfg = Release|Any CPU
		{F13235EF-A33D-43E3-95DC-CB8756611D59}.Release|Any CPU.Build.0 = Release|Any CPU
		{22BC10BE-2FDD-4686-99AB-D85E32D4FB10}.Debug|Any CPU.ActiveCfg = Debug|Any CPU
		{22BC10BE-2FDD-4686-99AB-D85E32D4FB10}.Debug|Any CPU.Build.0 = Debug|Any CPU
		{22BC10BE-2FDD-4686-99AB-D85E32D4FB10}.Release|Any CPU.ActiveCfg = Release|Any CPU
		{22BC10BE-2FDD-4686-99AB-D85E32D4FB10}.Release|Any CPU.Build.0 = Release|Any CPU
		{BD877A93-9E81-415F-A1A0-81018D6D0DAC}.Debug|Any CPU.ActiveCfg = Debug|Any CPU
		{BD877A93-9E81-415F-A1A0-81018D6D0DAC}.Debug|Any CPU.Build.0 = Debug|Any CPU
		{BD877A93-9E81-415F-A1A0-81018D6D0DAC}.Release|Any CPU.ActiveCfg = Release|Any CPU
		{BD877A93-9E81-415F-A1A0-81018D6D0DAC}.Release|Any CPU.Build.0 = Release|Any CPU
		{04CF81D8-28EE-4511-AB12-0E90F1D20B84}.Debug|Any CPU.ActiveCfg = Debug|Any CPU
		{04CF81D8-28EE-4511-AB12-0E90F1D20B84}.Debug|Any CPU.Build.0 = Debug|Any CPU
		{04CF81D8-28EE-4511-AB12-0E90F1D20B84}.Release|Any CPU.ActiveCfg = Release|Any CPU
		{04CF81D8-28EE-4511-AB12-0E90F1D20B84}.Release|Any CPU.Build.0 = Release|Any CPU
		{7C1117EE-88ED-4E50-BA11-C78214801207}.Debug|Any CPU.ActiveCfg = Debug|Any CPU
		{7C1117EE-88ED-4E50-BA11-C78214801207}.Debug|Any CPU.Build.0 = Debug|Any CPU
		{7C1117EE-88ED-4E50-BA11-C78214801207}.Release|Any CPU.ActiveCfg = Release|Any CPU
		{7C1117EE-88ED-4E50-BA11-C78214801207}.Release|Any CPU.Build.0 = Release|Any CPU
		{D1016430-21AF-4E6D-820F-29970BA3DF88}.Debug|Any CPU.ActiveCfg = Debug|Any CPU
		{D1016430-21AF-4E6D-820F-29970BA3DF88}.Debug|Any CPU.Build.0 = Debug|Any CPU
		{D1016430-21AF-4E6D-820F-29970BA3DF88}.Release|Any CPU.ActiveCfg = Release|Any CPU
		{D1016430-21AF-4E6D-820F-29970BA3DF88}.Release|Any CPU.Build.0 = Release|Any CPU
	EndGlobalSection
	GlobalSection(SolutionProperties) = preSolution
		HideSolutionNode = FALSE
	EndGlobalSection
	GlobalSection(ExtensibilityGlobals) = postSolution
		SolutionGuid = {EBB14F99-7081-4BB9-BA79-6A07B18C4230}
	EndGlobalSection
EndGlobal
